// !$*UTF8*$!
{
	archiveVersion = 1;
	classes = {
	};
	objectVersion = 46;
	objects = {

/* Begin PBXBuildFile section */
		B71F5911188484E7003F4D28 /* iPad-old.png in Resources */ = {isa = PBXBuildFile; fileRef = B71F5907188484E7003F4D28 /* iPad-old.png */; };
		B71F5912188484E7003F4D28 /* iPad-old@2x.png in Resources */ = {isa = PBXBuildFile; fileRef = B71F5908188484E7003F4D28 /* iPad-old@2x.png */; };
		B71F5913188484E7003F4D28 /* iPad.png in Resources */ = {isa = PBXBuildFile; fileRef = B71F5909188484E7003F4D28 /* iPad.png */; };
		B71F5914188484E7003F4D28 /* iPad@2x.png in Resources */ = {isa = PBXBuildFile; fileRef = B71F590A188484E7003F4D28 /* iPad@2x.png */; };
		B71F5915188484E7003F4D28 /* iPhone-old.png in Resources */ = {isa = PBXBuildFile; fileRef = B71F590B188484E7003F4D28 /* iPhone-old.png */; };
		B71F5916188484E7003F4D28 /* iPhone-old@2x.png in Resources */ = {isa = PBXBuildFile; fileRef = B71F590C188484E7003F4D28 /* iPhone-old@2x.png */; };
		B71F5917188484E7003F4D28 /* iPhone.png in Resources */ = {isa = PBXBuildFile; fileRef = B71F590D188484E7003F4D28 /* iPhone.png */; };
		B71F5918188484E7003F4D28 /* iPhone@2x.png in Resources */ = {isa = PBXBuildFile; fileRef = B71F590E188484E7003F4D28 /* iPhone@2x.png */; };
		B71F5919188484E7003F4D28 /* Settings.png in Resources */ = {isa = PBXBuildFile; fileRef = B71F590F188484E7003F4D28 /* Settings.png */; };
		B71F591A188484E7003F4D28 /* Settings@2x.png in Resources */ = {isa = PBXBuildFile; fileRef = B71F5910188484E7003F4D28 /* Settings@2x.png */; };
		B737893B180761570076A88C /* Published-iOS in Resources */ = {isa = PBXBuildFile; fileRef = B737893A180761570076A88C /* Published-iOS */; };
		B737893F1807617C0076A88C /* AppDelegate.m in Sources */ = {isa = PBXBuildFile; fileRef = B737893E1807617C0076A88C /* AppDelegate.m */; };
		B7378975180762440076A88C /* Default-568h@2x.png in Resources */ = {isa = PBXBuildFile; fileRef = B737896B180762440076A88C /* Default-568h@2x.png */; };
		B7378976180762440076A88C /* Default-Landscape~ipad.png in Resources */ = {isa = PBXBuildFile; fileRef = B737896C180762440076A88C /* Default-Landscape~ipad.png */; };
		B7378977180762440076A88C /* Default.png in Resources */ = {isa = PBXBuildFile; fileRef = B737896D180762440076A88C /* Default.png */; };
		B7378978180762440076A88C /* Default@2x.png in Resources */ = {isa = PBXBuildFile; fileRef = B737896E180762440076A88C /* Default@2x.png */; };
		B73789871807631A0076A88C /* main.m in Sources */ = {isa = PBXBuildFile; fileRef = B73789851807631A0076A88C /* main.m */; };
		B737898A1807642B0076A88C /* libcocos2d.a in Frameworks */ = {isa = PBXBuildFile; fileRef = B737894B180761A90076A88C /* libcocos2d.a */; };
		B7378994180767190076A88C /* MainScene.m in Sources */ = {isa = PBXBuildFile; fileRef = B7378993180767190076A88C /* MainScene.m */; };
		B77F1B3217B978D7009739AE /* QuartzCore.framework in Frameworks */ = {isa = PBXBuildFile; fileRef = B77F1B3117B978D7009739AE /* QuartzCore.framework */; };
		B77F1B3417B978D7009739AE /* OpenGLES.framework in Frameworks */ = {isa = PBXBuildFile; fileRef = B77F1B3317B978D7009739AE /* OpenGLES.framework */; };
		B77F1B3617B978D7009739AE /* OpenAL.framework in Frameworks */ = {isa = PBXBuildFile; fileRef = B77F1B3517B978D7009739AE /* OpenAL.framework */; };
		B77F1B3817B978D7009739AE /* AudioToolbox.framework in Frameworks */ = {isa = PBXBuildFile; fileRef = B77F1B3717B978D7009739AE /* AudioToolbox.framework */; };
		B77F1B3A17B978D7009739AE /* AVFoundation.framework in Frameworks */ = {isa = PBXBuildFile; fileRef = B77F1B3917B978D7009739AE /* AVFoundation.framework */; };
		B77F1B3C17B978D7009739AE /* UIKit.framework in Frameworks */ = {isa = PBXBuildFile; fileRef = B77F1B3B17B978D7009739AE /* UIKit.framework */; };
		B77F1B3E17B978D7009739AE /* Foundation.framework in Frameworks */ = {isa = PBXBuildFile; fileRef = B77F1B3D17B978D7009739AE /* Foundation.framework */; };
		B77F1B4017B978D7009739AE /* CoreGraphics.framework in Frameworks */ = {isa = PBXBuildFile; fileRef = B77F1B3F17B978D7009739AE /* CoreGraphics.framework */; };
		B77F1B4217B978D7009739AE /* CoreText.framework in Frameworks */ = {isa = PBXBuildFile; fileRef = B77F1B4117B978D7009739AE /* CoreText.framework */; };
		BB1131BC19E7360000D8603B /* Rock.m in Sources */ = {isa = PBXBuildFile; fileRef = BB1131BB19E7360000D8603B /* Rock.m */; };
		BB24493419F050C200975486 /* GLKit.framework in Frameworks */ = {isa = PBXBuildFile; fileRef = BB24493319F050C200975486 /* GLKit.framework */; };
		BB24493919F06F6A00975486 /* Character.m in Sources */ = {isa = PBXBuildFile; fileRef = BB24493819F06F6A00975486 /* Character.m */; };
		BB24493C19F0705C00975486 /* CharacterState.m in Sources */ = {isa = PBXBuildFile; fileRef = BB24493B19F0705C00975486 /* CharacterState.m */; };
		BB24494119F0729400975486 /* CharacterWalkingState.m in Sources */ = {isa = PBXBuildFile; fileRef = BB24494019F0729400975486 /* CharacterWalkingState.m */; };
		BB24494419F072DD00975486 /* CharacterJumpingState.m in Sources */ = {isa = PBXBuildFile; fileRef = BB24494319F072DD00975486 /* CharacterJumpingState.m */; };
		BB24494719F0730D00975486 /* CharacterRunningState.m in Sources */ = {isa = PBXBuildFile; fileRef = BB24494619F0730D00975486 /* CharacterRunningState.m */; };
		BB28B7421A0FE4C200247126 /* Level.mp3 in Resources */ = {isa = PBXBuildFile; fileRef = BB28B7411A0FE4C200247126 /* Level.mp3 */; };
		BB53AB081A0FFC3600A03765 /* Rocket.m in Sources */ = {isa = PBXBuildFile; fileRef = BB53AB071A0FFC3600A03765 /* Rocket.m */; };
		BB606AAF1A02C75C008640A3 /* CharacterShootingState.m in Sources */ = {isa = PBXBuildFile; fileRef = BB606AAE1A02C75C008640A3 /* CharacterShootingState.m */; };
		BB9CFF831A15673600A0E3B8 /* heiTOLENOVOLEPhone.ttf in Resources */ = {isa = PBXBuildFile; fileRef = BB9CFF821A15673600A0E3B8 /* heiTOLENOVOLEPhone.ttf */; };
		BB9CFF891A1574E500A0E3B8 /* Explosion.m in Sources */ = {isa = PBXBuildFile; fileRef = BB9CFF881A1574E500A0E3B8 /* Explosion.m */; };
		BBD1C8F61A119934002AAE33 /* Bullet.m in Sources */ = {isa = PBXBuildFile; fileRef = BBD1C8F51A119934002AAE33 /* Bullet.m */; };
/* End PBXBuildFile section */

/* Begin PBXContainerItemProxy section */
		B737894A180761A90076A88C /* PBXContainerItemProxy */ = {
			isa = PBXContainerItemProxy;
			containerPortal = B7378940180761A80076A88C /* cocos2d-ios.xcodeproj */;
			proxyType = 2;
			remoteGlobalIDString = 5018F24D0DFDEAC400C013A5;
			remoteInfo = cocos2d;
		};
		B7378988180764180076A88C /* PBXContainerItemProxy */ = {
			isa = PBXContainerItemProxy;
			containerPortal = B7378940180761A80076A88C /* cocos2d-ios.xcodeproj */;
			proxyType = 1;
			remoteGlobalIDString = 5018F24C0DFDEAC400C013A5;
			remoteInfo = cocos2d;
		};
		BB28B7391A0FE06F00247126 /* PBXContainerItemProxy */ = {
			isa = PBXContainerItemProxy;
			containerPortal = B7378940180761A80076A88C /* cocos2d-ios.xcodeproj */;
			proxyType = 2;
			remoteGlobalIDString = D2FEB74F194F6C9E00FC0574;
			remoteInfo = cocos2dAndroid;
		};
		BB28B73B1A0FE06F00247126 /* PBXContainerItemProxy */ = {
			isa = PBXContainerItemProxy;
			containerPortal = B7378940180761A80076A88C /* cocos2d-ios.xcodeproj */;
			proxyType = 2;
			remoteGlobalIDString = 5BF3267A195F8D8800D9A51A;
			remoteInfo = cocos2dJava;
		};
		BB28B73D1A0FE06F00247126 /* PBXContainerItemProxy */ = {
			isa = PBXContainerItemProxy;
			containerPortal = B7378940180761A80076A88C /* cocos2d-ios.xcodeproj */;
			proxyType = 2;
			remoteGlobalIDString = 7A4037A819E37038007B6E8F;
			remoteInfo = "cocos2d-mac";
		};
/* End PBXContainerItemProxy section */

/* Begin PBXFileReference section */
		B71F5907188484E7003F4D28 /* iPad-old.png */ = {isa = PBXFileReference; lastKnownFileType = image.png; name = "iPad-old.png"; path = "Icons/iPad-old.png"; sourceTree = "<group>"; };
		B71F5908188484E7003F4D28 /* iPad-old@2x.png */ = {isa = PBXFileReference; lastKnownFileType = image.png; name = "iPad-old@2x.png"; path = "Icons/iPad-old@2x.png"; sourceTree = "<group>"; };
		B71F5909188484E7003F4D28 /* iPad.png */ = {isa = PBXFileReference; lastKnownFileType = image.png; name = iPad.png; path = Icons/iPad.png; sourceTree = "<group>"; };
		B71F590A188484E7003F4D28 /* iPad@2x.png */ = {isa = PBXFileReference; lastKnownFileType = image.png; name = "iPad@2x.png"; path = "Icons/iPad@2x.png"; sourceTree = "<group>"; };
		B71F590B188484E7003F4D28 /* iPhone-old.png */ = {isa = PBXFileReference; lastKnownFileType = image.png; name = "iPhone-old.png"; path = "Icons/iPhone-old.png"; sourceTree = "<group>"; };
		B71F590C188484E7003F4D28 /* iPhone-old@2x.png */ = {isa = PBXFileReference; lastKnownFileType = image.png; name = "iPhone-old@2x.png"; path = "Icons/iPhone-old@2x.png"; sourceTree = "<group>"; };
		B71F590D188484E7003F4D28 /* iPhone.png */ = {isa = PBXFileReference; lastKnownFileType = image.png; name = iPhone.png; path = Icons/iPhone.png; sourceTree = "<group>"; };
		B71F590E188484E7003F4D28 /* iPhone@2x.png */ = {isa = PBXFileReference; lastKnownFileType = image.png; name = "iPhone@2x.png"; path = "Icons/iPhone@2x.png"; sourceTree = "<group>"; };
		B71F590F188484E7003F4D28 /* Settings.png */ = {isa = PBXFileReference; lastKnownFileType = image.png; name = Settings.png; path = Icons/Settings.png; sourceTree = "<group>"; };
		B71F5910188484E7003F4D28 /* Settings@2x.png */ = {isa = PBXFileReference; lastKnownFileType = image.png; name = "Settings@2x.png"; path = "Icons/Settings@2x.png"; sourceTree = "<group>"; };
		B737893A180761570076A88C /* Published-iOS */ = {isa = PBXFileReference; lastKnownFileType = folder; name = "Published-iOS"; path = "Source/Resources/Published-iOS"; sourceTree = SOURCE_ROOT; };
		B737893D1807617C0076A88C /* AppDelegate.h */ = {isa = PBXFileReference; fileEncoding = 4; lastKnownFileType = sourcecode.c.h; name = AppDelegate.h; path = Source/AppDelegate.h; sourceTree = "<group>"; };
		B737893E1807617C0076A88C /* AppDelegate.m */ = {isa = PBXFileReference; fileEncoding = 4; lastKnownFileType = sourcecode.c.objc; name = AppDelegate.m; path = Source/AppDelegate.m; sourceTree = "<group>"; };
		B7378940180761A80076A88C /* cocos2d-ios.xcodeproj */ = {isa = PBXFileReference; lastKnownFileType = "wrapper.pb-project"; name = "cocos2d-ios.xcodeproj"; path = "Source/libs/cocos2d-iphone/cocos2d-ios.xcodeproj"; sourceTree = SOURCE_ROOT; };
		B737896B180762440076A88C /* Default-568h@2x.png */ = {isa = PBXFileReference; lastKnownFileType = image.png; name = "Default-568h@2x.png"; path = "Source/Resources/Default-568h@2x.png"; sourceTree = SOURCE_ROOT; };
		B737896C180762440076A88C /* Default-Landscape~ipad.png */ = {isa = PBXFileReference; lastKnownFileType = image.png; name = "Default-Landscape~ipad.png"; path = "Source/Resources/Default-Landscape~ipad.png"; sourceTree = SOURCE_ROOT; };
		B737896D180762440076A88C /* Default.png */ = {isa = PBXFileReference; lastKnownFileType = image.png; name = Default.png; path = Source/Resources/Default.png; sourceTree = SOURCE_ROOT; };
		B737896E180762440076A88C /* Default@2x.png */ = {isa = PBXFileReference; lastKnownFileType = image.png; name = "Default@2x.png"; path = "Source/Resources/Default@2x.png"; sourceTree = SOURCE_ROOT; };
		B73789851807631A0076A88C /* main.m */ = {isa = PBXFileReference; fileEncoding = 4; lastKnownFileType = sourcecode.c.objc; name = main.m; path = Source/main.m; sourceTree = SOURCE_ROOT; };
		B73789861807631A0076A88C /* Prefix.pch */ = {isa = PBXFileReference; fileEncoding = 4; lastKnownFileType = sourcecode.c.h; name = Prefix.pch; path = Source/Prefix.pch; sourceTree = SOURCE_ROOT; };
		B7378992180767190076A88C /* MainScene.h */ = {isa = PBXFileReference; fileEncoding = 4; lastKnownFileType = sourcecode.c.h; name = MainScene.h; path = Source/MainScene.h; sourceTree = "<group>"; };
		B7378993180767190076A88C /* MainScene.m */ = {isa = PBXFileReference; fileEncoding = 4; lastKnownFileType = sourcecode.c.objc; name = MainScene.m; path = Source/MainScene.m; sourceTree = "<group>"; };
		B77F1B2E17B978D7009739AE /* Jetpack.app */ = {isa = PBXFileReference; explicitFileType = wrapper.application; includeInIndex = 0; path = Jetpack.app; sourceTree = BUILT_PRODUCTS_DIR; };
		B77F1B3117B978D7009739AE /* QuartzCore.framework */ = {isa = PBXFileReference; lastKnownFileType = wrapper.framework; name = QuartzCore.framework; path = System/Library/Frameworks/QuartzCore.framework; sourceTree = SDKROOT; };
		B77F1B3317B978D7009739AE /* OpenGLES.framework */ = {isa = PBXFileReference; lastKnownFileType = wrapper.framework; name = OpenGLES.framework; path = System/Library/Frameworks/OpenGLES.framework; sourceTree = SDKROOT; };
		B77F1B3517B978D7009739AE /* OpenAL.framework */ = {isa = PBXFileReference; lastKnownFileType = wrapper.framework; name = OpenAL.framework; path = System/Library/Frameworks/OpenAL.framework; sourceTree = SDKROOT; };
		B77F1B3717B978D7009739AE /* AudioToolbox.framework */ = {isa = PBXFileReference; lastKnownFileType = wrapper.framework; name = AudioToolbox.framework; path = System/Library/Frameworks/AudioToolbox.framework; sourceTree = SDKROOT; };
		B77F1B3917B978D7009739AE /* AVFoundation.framework */ = {isa = PBXFileReference; lastKnownFileType = wrapper.framework; name = AVFoundation.framework; path = System/Library/Frameworks/AVFoundation.framework; sourceTree = SDKROOT; };
		B77F1B3B17B978D7009739AE /* UIKit.framework */ = {isa = PBXFileReference; lastKnownFileType = wrapper.framework; name = UIKit.framework; path = System/Library/Frameworks/UIKit.framework; sourceTree = SDKROOT; };
		B77F1B3D17B978D7009739AE /* Foundation.framework */ = {isa = PBXFileReference; lastKnownFileType = wrapper.framework; name = Foundation.framework; path = System/Library/Frameworks/Foundation.framework; sourceTree = SDKROOT; };
		B77F1B3F17B978D7009739AE /* CoreGraphics.framework */ = {isa = PBXFileReference; lastKnownFileType = wrapper.framework; name = CoreGraphics.framework; path = System/Library/Frameworks/CoreGraphics.framework; sourceTree = SDKROOT; };
		B77F1B4117B978D7009739AE /* CoreText.framework */ = {isa = PBXFileReference; lastKnownFileType = wrapper.framework; name = CoreText.framework; path = System/Library/Frameworks/CoreText.framework; sourceTree = SDKROOT; };
		B7B3713D180358F1007369CC /* libObjectiveChipmunk.a */ = {isa = PBXFileReference; lastKnownFileType = archive.ar; name = libObjectiveChipmunk.a; path = "../libs/cocos2d-iphone/external/Chipmunk/xcode/build/Debug-iphoneos/libObjectiveChipmunk.a"; sourceTree = "<group>"; };
		BB1131BA19E7360000D8603B /* Rock.h */ = {isa = PBXFileReference; fileEncoding = 4; lastKnownFileType = sourcecode.c.h; name = Rock.h; path = Source/Rock.h; sourceTree = "<group>"; };
		BB1131BB19E7360000D8603B /* Rock.m */ = {isa = PBXFileReference; fileEncoding = 4; lastKnownFileType = sourcecode.c.objc; name = Rock.m; path = Source/Rock.m; sourceTree = "<group>"; };
		BB24493319F050C200975486 /* GLKit.framework */ = {isa = PBXFileReference; lastKnownFileType = wrapper.framework; name = GLKit.framework; path = System/Library/Frameworks/GLKit.framework; sourceTree = SDKROOT; };
		BB24493719F06F6A00975486 /* Character.h */ = {isa = PBXFileReference; fileEncoding = 4; lastKnownFileType = sourcecode.c.h; name = Character.h; path = Source/Character.h; sourceTree = "<group>"; };
		BB24493819F06F6A00975486 /* Character.m */ = {isa = PBXFileReference; fileEncoding = 4; lastKnownFileType = sourcecode.c.objc; name = Character.m; path = Source/Character.m; sourceTree = "<group>"; };
		BB24493A19F0705C00975486 /* CharacterState.h */ = {isa = PBXFileReference; fileEncoding = 4; lastKnownFileType = sourcecode.c.h; name = CharacterState.h; path = Source/CharacterState.h; sourceTree = "<group>"; };
		BB24493B19F0705C00975486 /* CharacterState.m */ = {isa = PBXFileReference; fileEncoding = 4; lastKnownFileType = sourcecode.c.objc; name = CharacterState.m; path = Source/CharacterState.m; sourceTree = "<group>"; };
		BB24493F19F0729400975486 /* CharacterWalkingState.h */ = {isa = PBXFileReference; fileEncoding = 4; lastKnownFileType = sourcecode.c.h; name = CharacterWalkingState.h; path = Source/CharacterWalkingState.h; sourceTree = "<group>"; };
		BB24494019F0729400975486 /* CharacterWalkingState.m */ = {isa = PBXFileReference; fileEncoding = 4; lastKnownFileType = sourcecode.c.objc; name = CharacterWalkingState.m; path = Source/CharacterWalkingState.m; sourceTree = "<group>"; };
		BB24494219F072DD00975486 /* CharacterJumpingState.h */ = {isa = PBXFileReference; fileEncoding = 4; lastKnownFileType = sourcecode.c.h; name = CharacterJumpingState.h; path = Source/CharacterJumpingState.h; sourceTree = "<group>"; };
		BB24494319F072DD00975486 /* CharacterJumpingState.m */ = {isa = PBXFileReference; fileEncoding = 4; lastKnownFileType = sourcecode.c.objc; name = CharacterJumpingState.m; path = Source/CharacterJumpingState.m; sourceTree = "<group>"; };
		BB24494519F0730D00975486 /* CharacterRunningState.h */ = {isa = PBXFileReference; fileEncoding = 4; lastKnownFileType = sourcecode.c.h; name = CharacterRunningState.h; path = Source/CharacterRunningState.h; sourceTree = "<group>"; };
		BB24494619F0730D00975486 /* CharacterRunningState.m */ = {isa = PBXFileReference; fileEncoding = 4; lastKnownFileType = sourcecode.c.objc; name = CharacterRunningState.m; path = Source/CharacterRunningState.m; sourceTree = "<group>"; };
		BB28B7411A0FE4C200247126 /* Level.mp3 */ = {isa = PBXFileReference; lastKnownFileType = audio.mp3; path = Level.mp3; sourceTree = "<group>"; };
		BB53AB061A0FFC3600A03765 /* Rocket.h */ = {isa = PBXFileReference; fileEncoding = 4; lastKnownFileType = sourcecode.c.h; name = Rocket.h; path = Source/Rocket.h; sourceTree = "<group>"; };
		BB53AB071A0FFC3600A03765 /* Rocket.m */ = {isa = PBXFileReference; fileEncoding = 4; lastKnownFileType = sourcecode.c.objc; name = Rocket.m; path = Source/Rocket.m; sourceTree = "<group>"; };
		BB606AAD1A02C75C008640A3 /* CharacterShootingState.h */ = {isa = PBXFileReference; fileEncoding = 4; lastKnownFileType = sourcecode.c.h; name = CharacterShootingState.h; path = Source/CharacterShootingState.h; sourceTree = "<group>"; };
		BB606AAE1A02C75C008640A3 /* CharacterShootingState.m */ = {isa = PBXFileReference; fileEncoding = 4; lastKnownFileType = sourcecode.c.objc; name = CharacterShootingState.m; path = Source/CharacterShootingState.m; sourceTree = "<group>"; };
		BB9CFF821A15673600A0E3B8 /* heiTOLENOVOLEPhone.ttf */ = {isa = PBXFileReference; lastKnownFileType = file; path = heiTOLENOVOLEPhone.ttf; sourceTree = "<group>"; };
		BB9CFF871A1574E500A0E3B8 /* Explosion.h */ = {isa = PBXFileReference; fileEncoding = 4; lastKnownFileType = sourcecode.c.h; name = Explosion.h; path = Source/Explosion.h; sourceTree = "<group>"; };
		BB9CFF881A1574E500A0E3B8 /* Explosion.m */ = {isa = PBXFileReference; fileEncoding = 4; lastKnownFileType = sourcecode.c.objc; name = Explosion.m; path = Source/Explosion.m; sourceTree = "<group>"; };
		BBD1C8F41A119934002AAE33 /* Bullet.h */ = {isa = PBXFileReference; fileEncoding = 4; lastKnownFileType = sourcecode.c.h; name = Bullet.h; path = Source/Bullet.h; sourceTree = "<group>"; };
		BBD1C8F51A119934002AAE33 /* Bullet.m */ = {isa = PBXFileReference; fileEncoding = 4; lastKnownFileType = sourcecode.c.objc; name = Bullet.m; path = Source/Bullet.m; sourceTree = "<group>"; };
/* End PBXFileReference section */

/* Begin PBXFrameworksBuildPhase section */
		B77F1B2B17B978D7009739AE /* Frameworks */ = {
			isa = PBXFrameworksBuildPhase;
			buildActionMask = 2147483647;
			files = (
				BB24493419F050C200975486 /* GLKit.framework in Frameworks */,
				B737898A1807642B0076A88C /* libcocos2d.a in Frameworks */,
				B77F1B3217B978D7009739AE /* QuartzCore.framework in Frameworks */,
				B77F1B3417B978D7009739AE /* OpenGLES.framework in Frameworks */,
				B77F1B3617B978D7009739AE /* OpenAL.framework in Frameworks */,
				B77F1B3817B978D7009739AE /* AudioToolbox.framework in Frameworks */,
				B77F1B3A17B978D7009739AE /* AVFoundation.framework in Frameworks */,
				B77F1B3C17B978D7009739AE /* UIKit.framework in Frameworks */,
				B77F1B3E17B978D7009739AE /* Foundation.framework in Frameworks */,
				B77F1B4017B978D7009739AE /* CoreGraphics.framework in Frameworks */,
				B77F1B4217B978D7009739AE /* CoreText.framework in Frameworks */,
			);
			runOnlyForDeploymentPostprocessing = 0;
		};
/* End PBXFrameworksBuildPhase section */

/* Begin PBXGroup section */
		9222E2B918734FF800A246C7 /* libs */ = {
			isa = PBXGroup;
			children = (
				B7378940180761A80076A88C /* cocos2d-ios.xcodeproj */,
			);
			name = libs;
			sourceTree = "<group>";
		};
		B737893C1807616C0076A88C /* Source */ = {
			isa = PBXGroup;
			children = (
				B737893D1807617C0076A88C /* AppDelegate.h */,
				B737893E1807617C0076A88C /* AppDelegate.m */,
				BBD1C8F41A119934002AAE33 /* Bullet.h */,
				BBD1C8F51A119934002AAE33 /* Bullet.m */,
				BB24493D19F0716100975486 /* Character */,
				B7378992180767190076A88C /* MainScene.h */,
				B7378993180767190076A88C /* MainScene.m */,
				BB1131BA19E7360000D8603B /* Rock.h */,
				BB1131BB19E7360000D8603B /* Rock.m */,
				BB53AB061A0FFC3600A03765 /* Rocket.h */,
				BB53AB071A0FFC3600A03765 /* Rocket.m */,
				BB9CFF871A1574E500A0E3B8 /* Explosion.h */,
				BB9CFF881A1574E500A0E3B8 /* Explosion.m */,
			);
			name = Source;
			sourceTree = "<group>";
		};
		B7378941180761A80076A88C /* Products */ = {
			isa = PBXGroup;
			children = (
				B737894B180761A90076A88C /* libcocos2d.a */,
				BB28B73A1A0FE06F00247126 /* libcocos2dAndroid.a */,
				BB28B73C1A0FE06F00247126 /* cocos2dJava.jar */,
				BB28B73E1A0FE06F00247126 /* libcocos2d-mac.a */,
			);
			name = Products;
			sourceTree = "<group>";
		};
		B73789911807667A0076A88C /* Icons */ = {
			isa = PBXGroup;
			children = (
				B71F5907188484E7003F4D28 /* iPad-old.png */,
				B71F5908188484E7003F4D28 /* iPad-old@2x.png */,
				B71F5909188484E7003F4D28 /* iPad.png */,
				B71F590A188484E7003F4D28 /* iPad@2x.png */,
				B71F590B188484E7003F4D28 /* iPhone-old.png */,
				B71F590C188484E7003F4D28 /* iPhone-old@2x.png */,
				B71F590D188484E7003F4D28 /* iPhone.png */,
				B71F590E188484E7003F4D28 /* iPhone@2x.png */,
				B71F590F188484E7003F4D28 /* Settings.png */,
				B71F5910188484E7003F4D28 /* Settings@2x.png */,
				B737896B180762440076A88C /* Default-568h@2x.png */,
				B737896C180762440076A88C /* Default-Landscape~ipad.png */,
				B737896D180762440076A88C /* Default.png */,
				B737896E180762440076A88C /* Default@2x.png */,
			);
			name = Icons;
			sourceTree = "<group>";
		};
		B77F1B2517B978D7009739AE = {
			isa = PBXGroup;
			children = (
				B737893C1807616C0076A88C /* Source */,
				B77F1B4617B978D7009739AE /* Resources */,
				9222E2B918734FF800A246C7 /* libs */,
				B77F1CCF17B978D8009739AE /* Supporting Files */,
				B77F1B3017B978D7009739AE /* Frameworks */,
				B77F1B2F17B978D7009739AE /* Products */,
			);
			sourceTree = "<group>";
		};
		B77F1B2F17B978D7009739AE /* Products */ = {
			isa = PBXGroup;
			children = (
				B77F1B2E17B978D7009739AE /* Jetpack.app */,
			);
			name = Products;
			sourceTree = "<group>";
		};
		B77F1B3017B978D7009739AE /* Frameworks */ = {
			isa = PBXGroup;
			children = (
				BB24493319F050C200975486 /* GLKit.framework */,
				B7B3713D180358F1007369CC /* libObjectiveChipmunk.a */,
				B77F1B3117B978D7009739AE /* QuartzCore.framework */,
				B77F1B3317B978D7009739AE /* OpenGLES.framework */,
				B77F1B3517B978D7009739AE /* OpenAL.framework */,
				B77F1B3717B978D7009739AE /* AudioToolbox.framework */,
				B77F1B3917B978D7009739AE /* AVFoundation.framework */,
				B77F1B3B17B978D7009739AE /* UIKit.framework */,
				B77F1B3D17B978D7009739AE /* Foundation.framework */,
				B77F1B3F17B978D7009739AE /* CoreGraphics.framework */,
				B77F1B4117B978D7009739AE /* CoreText.framework */,
			);
			name = Frameworks;
			sourceTree = "<group>";
		};
		B77F1B4617B978D7009739AE /* Resources */ = {
			isa = PBXGroup;
			children = (
				BB28B7401A0FE1F800247126 /* Audio */,
				BBD843951A0FC7FD00EC61B1 /* Fonts */,
				B73789911807667A0076A88C /* Icons */,
				B737893A180761570076A88C /* Published-iOS */,
			);
			name = Resources;
			path = Source/Resources;
			sourceTree = "<group>";
		};
		B77F1CCF17B978D8009739AE /* Supporting Files */ = {
			isa = PBXGroup;
			children = (
				B73789851807631A0076A88C /* main.m */,
				B73789861807631A0076A88C /* Prefix.pch */,
			);
			name = "Supporting Files";
			sourceTree = "<group>";
		};
		BB24493D19F0716100975486 /* Character */ = {
			isa = PBXGroup;
			children = (
				BB24493719F06F6A00975486 /* Character.h */,
				BB24493819F06F6A00975486 /* Character.m */,
				BB24493E19F0716D00975486 /* State */,
			);
			name = Character;
			sourceTree = "<group>";
		};
		BB24493E19F0716D00975486 /* State */ = {
			isa = PBXGroup;
			children = (
				BB24493A19F0705C00975486 /* CharacterState.h */,
				BB24493B19F0705C00975486 /* CharacterState.m */,
				BB24493F19F0729400975486 /* CharacterWalkingState.h */,
				BB24494019F0729400975486 /* CharacterWalkingState.m */,
				BB24494219F072DD00975486 /* CharacterJumpingState.h */,
				BB24494319F072DD00975486 /* CharacterJumpingState.m */,
				BB24494519F0730D00975486 /* CharacterRunningState.h */,
				BB24494619F0730D00975486 /* CharacterRunningState.m */,
				BB606AAD1A02C75C008640A3 /* CharacterShootingState.h */,
				BB606AAE1A02C75C008640A3 /* CharacterShootingState.m */,
			);
			name = State;
			sourceTree = "<group>";
		};
		BB28B7401A0FE1F800247126 /* Audio */ = {
			isa = PBXGroup;
			children = (
				BB28B7411A0FE4C200247126 /* Level.mp3 */,
			);
			name = Audio;
			sourceTree = "<group>";
		};
		BBD843951A0FC7FD00EC61B1 /* Fonts */ = {
			isa = PBXGroup;
			children = (
				BB9CFF821A15673600A0E3B8 /* heiTOLENOVOLEPhone.ttf */,
			);
			name = Fonts;
			sourceTree = "<group>";
		};
/* End PBXGroup section */

/* Begin PBXNativeTarget section */
		B77F1B2D17B978D7009739AE /* Jetpack */ = {
			isa = PBXNativeTarget;
			buildConfigurationList = B77F1CDE17B978D8009739AE /* Build configuration list for PBXNativeTarget "Jetpack" */;
			buildPhases = (
				B77F1B2A17B978D7009739AE /* Sources */,
				B77F1B2B17B978D7009739AE /* Frameworks */,
				B77F1B2C17B978D7009739AE /* Resources */,
			);
			buildRules = (
			);
			dependencies = (
				B7378989180764180076A88C /* PBXTargetDependency */,
			);
			name = Jetpack;
			productName = Example;
			productReference = B77F1B2E17B978D7009739AE /* Jetpack.app */;
			productType = "com.apple.product-type.application";
		};
/* End PBXNativeTarget section */

/* Begin PBXProject section */
		B77F1B2617B978D7009739AE /* Project object */ = {
			isa = PBXProject;
			attributes = {
				LastUpgradeCheck = 0600;
				ORGANIZATIONNAME = Apportable;
				TargetAttributes = {
					B77F1B2D17B978D7009739AE = {
						DevelopmentTeam = SBVP8ED765;
						SystemCapabilities = {
							com.apple.GameCenter = {
								enabled = 0;
							};
						};
					};
				};
			};
			buildConfigurationList = B77F1B2917B978D7009739AE /* Build configuration list for PBXProject "Jetpack" */;
			compatibilityVersion = "Xcode 3.2";
			developmentRegion = English;
			hasScannedForEncodings = 0;
			knownRegions = (
				en,
			);
			mainGroup = B77F1B2517B978D7009739AE;
			productRefGroup = B77F1B2F17B978D7009739AE /* Products */;
			projectDirPath = "";
			projectReferences = (
				{
					ProductGroup = B7378941180761A80076A88C /* Products */;
					ProjectRef = B7378940180761A80076A88C /* cocos2d-ios.xcodeproj */;
				},
			);
			projectRoot = "";
			targets = (
				B77F1B2D17B978D7009739AE /* Jetpack */,
			);
		};
/* End PBXProject section */

/* Begin PBXReferenceProxy section */
		B737894B180761A90076A88C /* libcocos2d.a */ = {
			isa = PBXReferenceProxy;
			fileType = archive.ar;
			path = libcocos2d.a;
			remoteRef = B737894A180761A90076A88C /* PBXContainerItemProxy */;
			sourceTree = BUILT_PRODUCTS_DIR;
		};
		BB28B73A1A0FE06F00247126 /* libcocos2dAndroid.a */ = {
			isa = PBXReferenceProxy;
			fileType = archive.ar;
			path = libcocos2dAndroid.a;
			remoteRef = BB28B7391A0FE06F00247126 /* PBXContainerItemProxy */;
			sourceTree = BUILT_PRODUCTS_DIR;
		};
		BB28B73C1A0FE06F00247126 /* cocos2dJava.jar */ = {
			isa = PBXReferenceProxy;
			fileType = archive.jar;
			path = cocos2dJava.jar;
			remoteRef = BB28B73B1A0FE06F00247126 /* PBXContainerItemProxy */;
			sourceTree = BUILT_PRODUCTS_DIR;
		};
		BB28B73E1A0FE06F00247126 /* libcocos2d-mac.a */ = {
			isa = PBXReferenceProxy;
			fileType = archive.ar;
			path = "libcocos2d-mac.a";
			remoteRef = BB28B73D1A0FE06F00247126 /* PBXContainerItemProxy */;
			sourceTree = BUILT_PRODUCTS_DIR;
		};
/* End PBXReferenceProxy section */

/* Begin PBXResourcesBuildPhase section */
		B77F1B2C17B978D7009739AE /* Resources */ = {
			isa = PBXResourcesBuildPhase;
			buildActionMask = 2147483647;
			files = (
				B71F5919188484E7003F4D28 /* Settings.png in Resources */,
				B7378978180762440076A88C /* Default@2x.png in Resources */,
				B71F5914188484E7003F4D28 /* iPad@2x.png in Resources */,
				B71F5913188484E7003F4D28 /* iPad.png in Resources */,
				B71F5912188484E7003F4D28 /* iPad-old@2x.png in Resources */,
				B71F5916188484E7003F4D28 /* iPhone-old@2x.png in Resources */,
				B737893B180761570076A88C /* Published-iOS in Resources */,
				B71F591A188484E7003F4D28 /* Settings@2x.png in Resources */,
				BB28B7421A0FE4C200247126 /* Level.mp3 in Resources */,
				B7378976180762440076A88C /* Default-Landscape~ipad.png in Resources */,
				BB9CFF831A15673600A0E3B8 /* heiTOLENOVOLEPhone.ttf in Resources */,
				B71F5915188484E7003F4D28 /* iPhone-old.png in Resources */,
				B71F5917188484E7003F4D28 /* iPhone.png in Resources */,
				B7378975180762440076A88C /* Default-568h@2x.png in Resources */,
				B71F5918188484E7003F4D28 /* iPhone@2x.png in Resources */,
				B7378977180762440076A88C /* Default.png in Resources */,
				B71F5911188484E7003F4D28 /* iPad-old.png in Resources */,
			);
			runOnlyForDeploymentPostprocessing = 0;
		};
/* End PBXResourcesBuildPhase section */

/* Begin PBXSourcesBuildPhase section */
		B77F1B2A17B978D7009739AE /* Sources */ = {
			isa = PBXSourcesBuildPhase;
			buildActionMask = 2147483647;
			files = (
				BB606AAF1A02C75C008640A3 /* CharacterShootingState.m in Sources */,
				BB1131BC19E7360000D8603B /* Rock.m in Sources */,
				BB24493919F06F6A00975486 /* Character.m in Sources */,
				BB24494419F072DD00975486 /* CharacterJumpingState.m in Sources */,
				BB53AB081A0FFC3600A03765 /* Rocket.m in Sources */,
				BB9CFF891A1574E500A0E3B8 /* Explosion.m in Sources */,
				B737893F1807617C0076A88C /* AppDelegate.m in Sources */,
				BB24493C19F0705C00975486 /* CharacterState.m in Sources */,
				BB24494719F0730D00975486 /* CharacterRunningState.m in Sources */,
				BB24494119F0729400975486 /* CharacterWalkingState.m in Sources */,
				B7378994180767190076A88C /* MainScene.m in Sources */,
				B73789871807631A0076A88C /* main.m in Sources */,
				BBD1C8F61A119934002AAE33 /* Bullet.m in Sources */,
			);
			runOnlyForDeploymentPostprocessing = 0;
		};
/* End PBXSourcesBuildPhase section */

/* Begin PBXTargetDependency section */
		B7378989180764180076A88C /* PBXTargetDependency */ = {
			isa = PBXTargetDependency;
			name = cocos2d;
			targetProxy = B7378988180764180076A88C /* PBXContainerItemProxy */;
		};
/* End PBXTargetDependency section */

/* Begin XCBuildConfiguration section */
		B77F1CDC17B978D8009739AE /* Debug */ = {
			isa = XCBuildConfiguration;
			buildSettings = {
				CLANG_WARN_BOOL_CONVERSION = YES;
				CLANG_WARN_CONSTANT_CONVERSION = YES;
				CLANG_WARN_EMPTY_BODY = YES;
				CLANG_WARN_ENUM_CONVERSION = YES;
				CLANG_WARN_INT_CONVERSION = YES;
				CLANG_WARN_UNREACHABLE_CODE = YES;
				CLANG_WARN__DUPLICATE_METHOD_MATCH = YES;
				CODE_SIGN_IDENTITY = "iPhone Developer";
				"CODE_SIGN_IDENTITY[sdk=iphoneos*]" = "iPhone Developer";
				ENABLE_STRICT_OBJC_MSGSEND = YES;
				GCC_C_LANGUAGE_STANDARD = gnu99;
				GCC_OPTIMIZATION_LEVEL = 0;
				GCC_PREPROCESSOR_DEFINITIONS = (
					DEBUG,
					"COCOS2D_DEBUG=1",
				);
				GCC_SYMBOLS_PRIVATE_EXTERN = NO;
				GCC_VERSION = com.apple.compilers.llvm.clang.1_0;
				GCC_WARN_64_TO_32_BIT_CONVERSION = YES;
				GCC_WARN_ABOUT_RETURN_TYPE = YES;
				GCC_WARN_UNDECLARED_SELECTOR = YES;
				GCC_WARN_UNINITIALIZED_AUTOS = YES;
				GCC_WARN_UNUSED_FUNCTION = YES;
				GCC_WARN_UNUSED_VARIABLE = YES;
				IPHONEOS_DEPLOYMENT_TARGET = 8.0;
				ONLY_ACTIVE_ARCH = YES;
				PROVISIONING_PROFILE = "";
				SDKROOT = iphoneos;
				TARGETED_DEVICE_FAMILY = "1,2";
			};
			name = Debug;
		};
		B77F1CDD17B978D8009739AE /* Release */ = {
			isa = XCBuildConfiguration;
			buildSettings = {
				CLANG_WARN_BOOL_CONVERSION = YES;
				CLANG_WARN_CONSTANT_CONVERSION = YES;
				CLANG_WARN_EMPTY_BODY = YES;
				CLANG_WARN_ENUM_CONVERSION = YES;
				CLANG_WARN_INT_CONVERSION = YES;
				CLANG_WARN_UNREACHABLE_CODE = YES;
				CLANG_WARN__DUPLICATE_METHOD_MATCH = YES;
				CODE_SIGN_IDENTITY = "iPhone Distribution";
				"CODE_SIGN_IDENTITY[sdk=iphoneos*]" = "iPhone Distribution";
				ENABLE_STRICT_OBJC_MSGSEND = YES;
				GCC_C_LANGUAGE_STANDARD = gnu99;
				GCC_PREPROCESSOR_DEFINITIONS = (
					NDEBUG,
					"NS_BLOCK_ASSERTIONS=1",
				);
				GCC_VERSION = com.apple.compilers.llvm.clang.1_0;
				GCC_WARN_64_TO_32_BIT_CONVERSION = YES;
				GCC_WARN_ABOUT_RETURN_TYPE = YES;
				GCC_WARN_UNDECLARED_SELECTOR = YES;
				GCC_WARN_UNINITIALIZED_AUTOS = YES;
				GCC_WARN_UNUSED_FUNCTION = YES;
				GCC_WARN_UNUSED_VARIABLE = YES;
				IPHONEOS_DEPLOYMENT_TARGET = 8.0;
				PROVISIONING_PROFILE = "";
				SDKROOT = iphoneos;
				TARGETED_DEVICE_FAMILY = "1,2";
			};
			name = Release;
		};
		B77F1CDF17B978D8009739AE /* Debug */ = {
			isa = XCBuildConfiguration;
			buildSettings = {
				ALWAYS_SEARCH_USER_PATHS = NO;
				CLANG_ENABLE_OBJC_ARC = YES;
				CODE_SIGN_IDENTITY = "iPhone Developer";
				"CODE_SIGN_IDENTITY[sdk=iphoneos*]" = "iPhone Developer";
				COPY_PHASE_STRIP = NO;
				GCC_DYNAMIC_NO_PIC = NO;
				GCC_PRECOMPILE_PREFIX_HEADER = YES;
				GCC_PREFIX_HEADER = Source/Prefix.pch;
				HEADER_SEARCH_PATHS = (
					"\"Source/libs/cocos2d-iphone/external/kazmath/include\"/**",
					"\"Source/libs/cocos2d-iphone/cocos2d\"/**",
					"Source/libs/cocos2d-iphone/external/Chipmunk/objectivec/include",
					"Source/libs/cocos2d-iphone/external/Chipmunk/include",
					"\"Source/libs/cocos2d-iphone/cocos2d-ui\"/**",
					"\"Source/libs/cocos2d-iphone/external/ObjectAL\"/**",
				);
				INFOPLIST_FILE = Source/Resources/Info.plist;
				IPHONEOS_DEPLOYMENT_TARGET = 8.0;
				ONLY_ACTIVE_ARCH = YES;
				OTHER_LDFLAGS = (
					"-lz",
					"-lsqlite3",
					"-ObjC",
				);
				PRODUCT_NAME = Jetpack;
				PROVISIONING_PROFILE = "37d73d36-92e3-4c65-86c6-af64907da4dd";
				WRAPPER_EXTENSION = app;
			};
			name = Debug;
		};
		B77F1CE017B978D8009739AE /* Release */ = {
			isa = XCBuildConfiguration;
			buildSettings = {
				ALWAYS_SEARCH_USER_PATHS = NO;
				CLANG_ENABLE_OBJC_ARC = YES;
				CODE_SIGN_IDENTITY = "iPhone Developer";
				"CODE_SIGN_IDENTITY[sdk=iphoneos*]" = "iPhone Distribution";
				COPY_PHASE_STRIP = YES;
				GCC_PRECOMPILE_PREFIX_HEADER = YES;
				GCC_PREFIX_HEADER = Source/Prefix.pch;
				HEADER_SEARCH_PATHS = (
					"\"Source/libs/cocos2d-iphone/external/kazmath/include\"/**",
					"\"Source/libs/cocos2d-iphone/cocos2d\"/**",
					"Source/libs/cocos2d-iphone/external/Chipmunk/objectivec/include",
					"Source/libs/cocos2d-iphone/external/Chipmunk/include",
					"\"Source/libs/cocos2d-iphone/cocos2d-ui\"/**",
					"\"Source/libs/cocos2d-iphone/external/ObjectAL\"/**",
				);
				INFOPLIST_FILE = Source/Resources/Info.plist;
				IPHONEOS_DEPLOYMENT_TARGET = 8.0;
				OTHER_LDFLAGS = (
					"-lz",
					"-lsqlite3",
					"-ObjC",
				);
				PRODUCT_NAME = Jetpack;
				PROVISIONING_PROFILE = "37d73d36-92e3-4c65-86c6-af64907da4dd";
				VALIDATE_PRODUCT = YES;
				WRAPPER_EXTENSION = app;
			};
			name = Release;
		};
/* End XCBuildConfiguration section */

/* Begin XCConfigurationList section */
		B77F1B2917B978D7009739AE /* Build configuration list for PBXProject "Jetpack" */ = {
			isa = XCConfigurationList;
			buildConfigurations = (
				B77F1CDC17B978D8009739AE /* Debug */,
				B77F1CDD17B978D8009739AE /* Release */,
			);
			defaultConfigurationIsVisible = 0;
			defaultConfigurationName = Release;
		};
		B77F1CDE17B978D8009739AE /* Build configuration list for PBXNativeTarget "Jetpack" */ = {
			isa = XCConfigurationList;
			buildConfigurations = (
				B77F1CDF17B978D8009739AE /* Debug */,
				B77F1CE017B978D8009739AE /* Release */,
			);
			defaultConfigurationIsVisible = 0;
			defaultConfigurationName = Release;
		};
/* End XCConfigurationList section */
	};
	rootObject = B77F1B2617B978D7009739AE /* Project object */;
}
